
Microsoft Visual Studio Solution File, Format Version 12.00
# Visual Studio Version 17
VisualStudioVersion = 17.6.33829.357
MinimumVisualStudioVersion = 10.0.40219.1
Project("{FAE04EC0-301F-11D3-BF4B-00C04F79EFBC}") = "TurnUpPortalAutomation", "TurnUpPortalAutomation\TurnUpPortalAutomation.csproj", "{60696FBD-40AF-4B36-9F0D-7B75BFECDB4D}"
EndProject
Global
	GlobalSection(SolutionConfigurationPlatforms) = preSolution
		Debug|Any CPU = Debug|Any CPU
		Release|Any CPU = Release|Any CPU
	EndGlobalSection
	GlobalSection(ProjectConfigurationPlatforms) = postSolution
		{60696FBD-40AF-4B36-9F0D-7B75BFECDB4D}.Debug|Any CPU.ActiveCfg = Debug|Any CPU
		{60696FBD-40AF-4B36-9F0D-7B75BFECDB4D}.Debug|Any CPU.Build.0 = Debug|Any CPU
		{60696FBD-40AF-4B36-9F0D-7B75BFECDB4D}.Release|Any CPU.ActiveCfg = Release|Any CPU
		{60696FBD-40AF-4B36-9F0D-7B75BFECDB4D}.Release|Any CPU.Build.0 = Release|Any CPU
	EndGlobalSection
	GlobalSection(SolutionProperties) = preSolution
		HideSolutionNode = FALSE
	EndGlobalSection
	GlobalSection(ExtensibilityGlobals) = postSolution
		SolutionGuid = {D2A5D8A3-FEBE-4E39-87EA-A61B23153667}
	EndGlobalSection
EndGlobal
